<?xml version="1.0" encoding="utf-8"?>
<Project ToolsVersion="4.0" xmlns="http://schemas.microsoft.com/developer/msbuild/2003">
  <ItemGroup>
    <Filter Include="Source Files">
      <UniqueIdentifier>{4FC737F1-C7A5-4376-A066-2A32D752A2FF}</UniqueIdentifier>
      <Extensions>cpp;c;cc;cxx;def;odl;idl;hpj;bat;asm;asmx</Extensions>
    </Filter>
    <Filter Include="Header Files">
      <UniqueIdentifier>{93995380-89BD-4b04-88EB-625FBE52EBFB}</UniqueIdentifier>
      <Extensions>h;hpp;hxx;hm;inl;inc;xsd</Extensions>
    </Filter>
    <Filter Include="Resource Files">
      <UniqueIdentifier>{67DA6AB6-F800-4c08-8B7A-83BB121AAD01}</UniqueIdentifier>
      <Extensions>rc;ico;cur;bmp;dlg;rc2;rct;bin;rgs;gif;jpg;jpeg;jpe;resx;tiff;tif;png;wav;mfcribbon-ms</Extensions>
    </Filter>
  </ItemGroup>
  <ItemGroup>
    <ClInclude Include="scene\bgi\header\dibapi.h">
      <Filter>Header Files</Filter>
    </ClInclude>
    <ClInclude Include="scene\bgi\header\dibutil.h">
      <Filter>Header Files</Filter>
    </ClInclude>
    <ClInclude Include="scene\bgi\header\graphics.h">
      <Filter>Header Files</Filter>
    </ClInclude>
    <ClInclude Include="scene\bgi\header\winbgi.h">
      <Filter>Header Files</Filter>
    </ClInclude>
    <ClInclude Include="scene\bgi\header\winbgim.h">
      <Filter>Header Files</Filter>
    </ClInclude>
    <ClInclude Include="scene\bgi\header\winbgitypes.h">
      <Filter>Header Files</Filter>
    </ClInclude>
    <ClInclude Include="scene\src\header\axes.h">
      <Filter>Header Files</Filter>
    </ClInclude>
    <ClInclude Include="scene\src\header\depthbuffer.h">
      <Filter>Header Files</Filter>
    </ClInclude>
    <ClInclude Include="scene\src\header\figure.h">
      <Filter>Header Files</Filter>
    </ClInclude>
    <ClInclude Include="scene\src\header\matrix.h">
      <Filter>Header Files</Filter>
    </ClInclude>
    <ClInclude Include="scene\src\header\parallelepiped.h">
      <Filter>Header Files</Filter>
    </ClInclude>
    <ClInclude Include="scene\src\header\pixel.h">
      <Filter>Header Files</Filter>
    </ClInclude>
    <ClInclude Include="scene\src\header\point.h">
      <Filter>Header Files</Filter>
    </ClInclude>
    <ClInclude Include="scene\src\header\polygon.h">
      <Filter>Header Files</Filter>
    </ClInclude>
    <ClInclude Include="scene\src\header\scene.h">
      <Filter>Header Files</Filter>
    </ClInclude>
    <ClInclude Include="scene\src\header\sides.h">
      <Filter>Header Files</Filter>
    </ClInclude>
    <ClInclude Include="scene\src\header\triangularpyramid.h">
      <Filter>Header Files</Filter>
    </ClInclude>
  </ItemGroup>
  <ItemGroup>
    <ClCompile Include="scene\src\source\bgi.cxx">
      <Filter>Source Files</Filter>
    </ClCompile>
    <ClCompile Include="scene\src\source\depthbuffer.cpp">
      <Filter>Source Files</Filter>
    </ClCompile>
    <ClCompile Include="scene\src\source\figure.cpp">
      <Filter>Source Files</Filter>
    </ClCompile>
    <ClCompile Include="scene\src\source\matrix.cpp">
      <Filter>Source Files</Filter>
    </ClCompile>
    <ClCompile Include="scene\src\source\parallelepiped.cpp">
      <Filter>Source Files</Filter>
    </ClCompile>
    <ClCompile Include="scene\src\source\pixel.cpp">
      <Filter>Source Files</Filter>
    </ClCompile>
    <ClCompile Include="scene\src\source\point.cpp">
      <Filter>Source Files</Filter>
    </ClCompile>
    <ClCompile Include="scene\src\source\polygon.cpp">
      <Filter>Source Files</Filter>
    </ClCompile>
    <ClCompile Include="scene\src\source\scene.cpp">
      <Filter>Source Files</Filter>
    </ClCompile>
    <ClCompile Include="scene\src\source\triangularpyramid.cpp">
      <Filter>Source Files</Filter>
    </ClCompile>
    <ClCompile Include="scene\bgi\source\bgiout.cxx">
      <Filter>Source Files</Filter>
    </ClCompile>
    <ClCompile Include="scene\bgi\source\dibutil.cxx">
      <Filter>Source Files</Filter>
    </ClCompile>
    <ClCompile Include="scene\bgi\source\drawing.cxx">
      <Filter>Source Files</Filter>
    </ClCompile>
    <ClCompile Include="scene\bgi\source\file.cxx">
      <Filter>Source Files</Filter>
    </ClCompile>
    <ClCompile Include="scene\bgi\source\main.cxx">
      <Filter>Source Files</Filter>
    </ClCompile>
    <ClCompile Include="scene\bgi\source\misc.cxx">
      <Filter>Source Files</Filter>
    </ClCompile>
    <ClCompile Include="scene\bgi\source\mouse.cxx">
      <Filter>Source Files</Filter>
    </ClCompile>
    <ClCompile Include="scene\bgi\source\palette.cxx">
      <Filter>Source Files</Filter>
    </ClCompile>
    <ClCompile Include="scene\bgi\source\text.cxx">
      <Filter>Source Files</Filter>
    </ClCompile>
    <ClCompile Include="scene\bgi\source\winbgi.cxx">
      <Filter>Source Files</Filter>
    </ClCompile>
    <ClCompile Include="scene\bgi\source\winthread.cxx">
      <Filter>Source Files</Filter>
    </ClCompile>
  </ItemGroup>
</Project>